
Microsoft Visual Studio Solution File, Format Version 12.00
# Visual Studio Version 17
VisualStudioVersion = 17.14.36212.18 d17.14
MinimumVisualStudioVersion = 10.0.40219.1
Project("{FAE04EC0-301F-11D3-BF4B-00C04F79EFBC}") = "RoadStallAPI", "RoadStallAPI.csproj", "{CCD491E2-7804-4D55-B0E5-C88197DC5D48}"
EndProject
Global
	GlobalSection(SolutionConfigurationPlatforms) = preSolution
		Debug|Any CPU = Debug|Any CPU
		Release|Any CPU = Release|Any CPU
	EndGlobalSection
	GlobalSection(ProjectConfigurationPlatforms) = postSolution
		{CCD491E2-7804-4D55-B0E5-C88197DC5D48}.Debug|Any CPU.ActiveCfg = Debug|Any CPU
		{CCD491E2-7804-4D55-B0E5-C88197DC5D48}.Debug|Any CPU.Build.0 = Debug|Any CPU
		{CCD491E2-7804-4D55-B0E5-C88197DC5D48}.Release|Any CPU.ActiveCfg = Release|Any CPU
		{CCD491E2-7804-4D55-B0E5-C88197DC5D48}.Release|Any CPU.Build.0 = Release|Any CPU
	EndGlobalSection
	GlobalSection(SolutionProperties) = preSolution
		HideSolutionNode = FALSE
	EndGlobalSection
	GlobalSection(ExtensibilityGlobals) = postSolution
		SolutionGuid = {A53A29CD-3BCE-4AE2-9738-75C61C6D93E1}
	EndGlobalSection
EndGlobal
